{
  "name": "myApp",
  "lockfileVersion": 3,
  "requires": true,
  "packages": {
    "": {
      "dependencies": {
        "bignumber.js": "^9.3.0"
      }
    },
    "node_modules/bignumber.js": {
      "version": "9.3.0",
      "resolved": "https://registry.npmmirror.com/bignumber.js/-/bignumber.js-9.3.0.tgz",
      "integrity": "sha512-EM7aMFTXbptt/wZdMlBv2t8IViwQL+h6SLHosp8Yf0dqJMTnY6iL32opnAB6kAdL0SZPuvcAzFr31o0c/R3/RA==",
      "engines": {
        "node": "*"
      }
    }
  }
}
